
Microsoft Visual Studio Solution File, Format Version 12.00
# Visual Studio Version 17
VisualStudioVersion = 17.5.33516.290
MinimumVisualStudioVersion = 10.0.40219.1
Project("{FAE04EC0-301F-11D3-BF4B-00C04F79EFBC}") = "BrokerClient", "BrokerClient\BrokerClient.csproj", "{31DF52E5-FD78-4570-B192-2C1723D0923C}"
EndProject
Global
	GlobalSection(SolutionConfigurationPlatforms) = preSolution
		Debug|Any CPU = Debug|Any CPU
		Release|Any CPU = Release|Any CPU
	EndGlobalSection
	GlobalSection(ProjectConfigurationPlatforms) = postSolution
		{31DF52E5-FD78-4570-B192-2C1723D0923C}.Debug|Any CPU.ActiveCfg = Debug|Any CPU
		{31DF52E5-FD78-4570-B192-2C1723D0923C}.Debug|Any CPU.Build.0 = Debug|Any CPU
		{31DF52E5-FD78-4570-B192-2C1723D0923C}.Release|Any CPU.ActiveCfg = Release|Any CPU
		{31DF52E5-FD78-4570-B192-2C1723D0923C}.Release|Any CPU.Build.0 = Release|Any CPU
	EndGlobalSection
	GlobalSection(SolutionProperties) = preSolution
		HideSolutionNode = FALSE
	EndGlobalSection
	GlobalSection(ExtensibilityGlobals) = postSolution
		SolutionGuid = {09E4E185-9CF7-4F47-BD51-CCEE27883D2F}
	EndGlobalSection
EndGlobal
